
Microsoft Visual Studio Solution File, Format Version 12.00
# Visual Studio Version 17
VisualStudioVersion = 17.2.32516.85
MinimumVisualStudioVersion = 10.0.40219.1
Project("{FAE04EC0-301F-11D3-BF4B-00C04F79EFBC}") = "WinFormsApp3", "WinFormsApp3\WinFormsApp3.csproj", "{EA6FECED-A8A3-41EF-9114-5E5D0560594C}"
EndProject
Global
	GlobalSection(SolutionConfigurationPlatforms) = preSolution
		Debug|Any CPU = Debug|Any CPU
		Release|Any CPU = Release|Any CPU
	EndGlobalSection
	GlobalSection(ProjectConfigurationPlatforms) = postSolution
		{EA6FECED-A8A3-41EF-9114-5E5D0560594C}.Debug|Any CPU.ActiveCfg = Debug|Any CPU
		{EA6FECED-A8A3-41EF-9114-5E5D0560594C}.Debug|Any CPU.Build.0 = Debug|Any CPU
		{EA6FECED-A8A3-41EF-9114-5E5D0560594C}.Release|Any CPU.ActiveCfg = Release|Any CPU
		{EA6FECED-A8A3-41EF-9114-5E5D0560594C}.Release|Any CPU.Build.0 = Release|Any CPU
	EndGlobalSection
	GlobalSection(SolutionProperties) = preSolution
		HideSolutionNode = FALSE
	EndGlobalSection
	GlobalSection(ExtensibilityGlobals) = postSolution
		SolutionGuid = {4463B508-F6CF-46FF-AA80-172FCB847D5B}
	EndGlobalSection
EndGlobal
